{
  "version": 4,
  "terraform_version": "0.15.5",
  "serial": 3,
  "lineage": "65d77a06-89fc-c036-df57-1b6a92c6b0fb",
  "outputs": {},
  "resources": [
    {
      "mode": "managed",
      "type": "google_service_account",
      "name": "default",
      "provider": "provider[\"registry.terraform.io/hashicorp/google\"]",
      "instances": [
        {
          "schema_version": 0,
          "attributes": {
            "account_id": "jenkins-gke-account",
            "description": "",
            "display_name": "Jenkins GKE Service Account",
            "email": "jenkins-gke-account@jenkins-316218.iam.gserviceaccount.com",
            "id": "projects/jenkins-316218/serviceAccounts/jenkins-gke-account@jenkins-316218.iam.gserviceaccount.com",
            "name": "projects/jenkins-316218/serviceAccounts/jenkins-gke-account@jenkins-316218.iam.gserviceaccount.com",
            "project": "jenkins-316218",
            "timeouts": null,
            "unique_id": "103846138040813917546"
          },
          "sensitive_attributes": [],
          "private": "eyJlMmJmYjczMC1lY2FhLTExZTYtOGY4OC0zNDM2M2JjN2M0YzAiOnsiY3JlYXRlIjozMDAwMDAwMDAwMDB9fQ=="
        }
      ]
    }
  ]
}
